
Microsoft Visual Studio Solution File, Format Version 12.00
Project("{FAE04EC0-301F-11D3-BF4B-00C04F79EFBC}") = "Swimmer.Web", "Swimmer.Web\Swimmer.Web.csproj", "{F79E81EF-4ED3-4EDD-955E-132F6D12C4CE}"
EndProject
Project("{FAE04EC0-301F-11D3-BF4B-00C04F79EFBC}") = "Swimmer.Domain", "Swimmer.Domain\Swimmer.Domain.csproj", "{9AF0D3CA-C7E5-4ECD-BE22-274CA3722669}"
EndProject
Project("{FAE04EC0-301F-11D3-BF4B-00C04F79EFBC}") = "Swimmer.Services", "Swimmer.Services\Swimmer.Services.csproj", "{B3F9253C-522C-48CD-A109-8FA7F96C9E99}"
EndProject
Project("{FAE04EC0-301F-11D3-BF4B-00C04F79EFBC}") = "Swimmer.Infrastructure", "Swimmer.Infrastructure\Swimmer.Infrastructure.csproj", "{BED6B8FA-98C7-4231-858B-87CE259BDA1D}"
EndProject
Global
	GlobalSection(SolutionConfigurationPlatforms) = preSolution
		Debug|Any CPU = Debug|Any CPU
		Release|Any CPU = Release|Any CPU
	EndGlobalSection
	GlobalSection(ProjectConfigurationPlatforms) = postSolution
		{F79E81EF-4ED3-4EDD-955E-132F6D12C4CE}.Debug|Any CPU.ActiveCfg = Debug|Any CPU
		{F79E81EF-4ED3-4EDD-955E-132F6D12C4CE}.Debug|Any CPU.Build.0 = Debug|Any CPU
		{F79E81EF-4ED3-4EDD-955E-132F6D12C4CE}.Release|Any CPU.ActiveCfg = Release|Any CPU
		{F79E81EF-4ED3-4EDD-955E-132F6D12C4CE}.Release|Any CPU.Build.0 = Release|Any CPU
		{9AF0D3CA-C7E5-4ECD-BE22-274CA3722669}.Debug|Any CPU.ActiveCfg = Debug|Any CPU
		{9AF0D3CA-C7E5-4ECD-BE22-274CA3722669}.Debug|Any CPU.Build.0 = Debug|Any CPU
		{9AF0D3CA-C7E5-4ECD-BE22-274CA3722669}.Release|Any CPU.ActiveCfg = Release|Any CPU
		{9AF0D3CA-C7E5-4ECD-BE22-274CA3722669}.Release|Any CPU.Build.0 = Release|Any CPU
		{B3F9253C-522C-48CD-A109-8FA7F96C9E99}.Debug|Any CPU.ActiveCfg = Debug|Any CPU
		{B3F9253C-522C-48CD-A109-8FA7F96C9E99}.Debug|Any CPU.Build.0 = Debug|Any CPU
		{B3F9253C-522C-48CD-A109-8FA7F96C9E99}.Release|Any CPU.ActiveCfg = Release|Any CPU
		{B3F9253C-522C-48CD-A109-8FA7F96C9E99}.Release|Any CPU.Build.0 = Release|Any CPU
		{BED6B8FA-98C7-4231-858B-87CE259BDA1D}.Debug|Any CPU.ActiveCfg = Debug|Any CPU
		{BED6B8FA-98C7-4231-858B-87CE259BDA1D}.Debug|Any CPU.Build.0 = Debug|Any CPU
		{BED6B8FA-98C7-4231-858B-87CE259BDA1D}.Release|Any CPU.ActiveCfg = Release|Any CPU
		{BED6B8FA-98C7-4231-858B-87CE259BDA1D}.Release|Any CPU.Build.0 = Release|Any CPU
	EndGlobalSection
EndGlobal
